[[package]]
category = "main"
description = "A configurable sidebar-enabled Sphinx theme"
name = "alabaster"
optional = false
python-versions = "*"
version = "0.7.12"

[[package]]
category = "dev"
description = "Atomic file writes."
marker = "sys_platform == \"win32\""
name = "atomicwrites"
optional = false
python-versions = ">=2.7, !=3.0.*, !=3.1.*, !=3.2.*, !=3.3.*"
version = "1.3.0"

[[package]]
category = "dev"
description = "Classes Without Boilerplate"
name = "attrs"
optional = false
python-versions = ">=2.7, !=3.0.*, !=3.1.*, !=3.2.*, !=3.3.*"
version = "19.3.0"

[[package]]
category = "main"
description = "Internationalization utilities"
name = "babel"
optional = false
python-versions = ">=2.7, !=3.0.*, !=3.1.*, !=3.2.*, !=3.3.*"
version = "2.8.0"

[package.dependencies]
pytz = ">=2015.7"

[[package]]
category = "main"
description = "Python package for providing Mozilla's CA Bundle."
name = "certifi"
optional = false
python-versions = "*"
version = "2019.11.28"

[[package]]
category = "main"
description = "Universal encoding detector for Python 2 and 3"
name = "chardet"
optional = false
python-versions = "*"
version = "3.0.4"

[[package]]
category = "main"
description = "Composable command line interface toolkit"
name = "click"
optional = false
python-versions = ">=2.7, !=3.0.*, !=3.1.*, !=3.2.*, !=3.3.*"
version = "7.0"

[[package]]
category = "main"
description = "Cross-platform colored terminal text."
marker = "sys_platform == \"win32\""
name = "colorama"
optional = false
python-versions = ">=2.7, !=3.0.*, !=3.1.*, !=3.2.*, !=3.3.*, !=3.4.*"
version = "0.4.3"

[[package]]
category = "main"
description = "Docutils -- Python Documentation Utilities"
name = "docutils"
optional = false
python-versions = ">=2.6, !=3.0.*, !=3.1.*, !=3.2.*"
version = "0.15.2"

[[package]]
category = "main"
description = "FastAPI framework, high performance, easy to learn, fast to code, ready for production"
name = "fastapi"
optional = false
python-versions = ">=3.6"
version = "0.44.1"

[package.dependencies]
pydantic = ">=0.32.2,<2.0.0"
starlette = "0.12.9"

[[package]]
category = "main"
description = "HTTP/2-based RPC framework"
name = "grpcio"
optional = false
python-versions = "*"
version = "1.26.0"

[package.dependencies]
six = ">=1.5.2"

[[package]]
category = "main"
description = "A pure-Python, bring-your-own-I/O implementation of HTTP/1.1"
name = "h11"
optional = false
python-versions = "*"
version = "0.8.1"

[[package]]
category = "main"
description = "Read and query HDT document with ease in Python"
name = "hdt"
optional = true
python-versions = "*"
version = "2.3"

[package.dependencies]
pybind11 = "2.2.4"

[[package]]
category = "main"
description = "A collection of framework independent HTTP protocol utils."
marker = "sys_platform != \"win32\" and sys_platform != \"cygwin\" and platform_python_implementation != \"pypy\""
name = "httptools"
optional = false
python-versions = "*"
version = "0.0.13"

[[package]]
category = "main"
description = "Internationalized Domain Names in Applications (IDNA)"
name = "idna"
optional = false
python-versions = ">=2.7, !=3.0.*, !=3.1.*, !=3.2.*, !=3.3.*"
version = "2.8"

[[package]]
category = "main"
description = "Getting image size from png/jpeg/jpeg2000/gif file"
name = "imagesize"
optional = false
python-versions = ">=2.7, !=3.0.*, !=3.1.*, !=3.2.*, !=3.3.*"
version = "1.2.0"

[[package]]
category = "dev"
description = "Read metadata from Python packages"
marker = "python_version < \"3.8\""
name = "importlib-metadata"
optional = false
python-versions = "!=3.0.*,!=3.1.*,!=3.2.*,!=3.3.*,!=3.4.*,>=2.7"
version = "1.3.0"

[package.dependencies]
zipp = ">=0.5"

[[package]]
category = "main"
description = "An ISO 8601 date/time/duration parser and formatter"
name = "isodate"
optional = false
python-versions = "*"
version = "0.6.0"

[package.dependencies]
six = "*"

[[package]]
category = "main"
description = "A very fast and expressive template engine."
name = "jinja2"
optional = false
python-versions = "*"
version = "2.10.3"

[package.dependencies]
MarkupSafe = ">=0.23"

[[package]]
category = "main"
description = "Safely add untrusted strings to HTML/XML markup."
name = "markupsafe"
optional = false
python-versions = ">=2.7,!=3.0.*,!=3.1.*,!=3.2.*,!=3.3.*"
version = "1.1.1"

[[package]]
category = "dev"
description = "More routines for operating on iterables, beyond itertools"
name = "more-itertools"
optional = false
python-versions = ">=3.5"
version = "8.0.2"

[[package]]
category = "main"
description = "Core utilities for Python packages"
name = "packaging"
optional = false
python-versions = ">=2.7, !=3.0.*, !=3.1.*, !=3.2.*, !=3.3.*"
version = "20.0"

[package.dependencies]
pyparsing = ">=2.0.2"
six = "*"

[[package]]
category = "dev"
description = "plugin and hook calling mechanisms for python"
name = "pluggy"
optional = false
python-versions = ">=2.7, !=3.0.*, !=3.1.*, !=3.2.*, !=3.3.*"
version = "0.13.1"

[package.dependencies]
[package.dependencies.importlib-metadata]
python = "<3.8"
version = ">=0.12"

[[package]]
category = "main"
description = "Protocol Buffers"
name = "protobuf"
optional = false
python-versions = "*"
version = "3.11.0"

[package.dependencies]
setuptools = "*"
six = ">=1.9"

[[package]]
category = "main"
description = "psycopg2 - Python-PostgreSQL Database Adapter"
name = "psycopg2-binary"
optional = true
python-versions = "*"
version = "2.7.7"

[[package]]
category = "dev"
description = "library with cross-python path, ini-parsing, io, code, log facilities"
name = "py"
optional = false
python-versions = ">=2.7, !=3.0.*, !=3.1.*, !=3.2.*, !=3.3.*"
version = "1.8.1"

[[package]]
category = "main"
description = "Seamless operability between C++11 and Python"
name = "pybind11"
optional = true
python-versions = "*"
version = "2.2.4"

[[package]]
category = "main"
description = "Data validation and settings management using python 3.6 type hinting"
name = "pydantic"
optional = false
python-versions = ">=3.6"
version = "1.3"

[[package]]
category = "main"
description = "Pygments is a syntax highlighting package written in Python."
name = "pygments"
optional = false
python-versions = ">=2.7, !=3.0.*, !=3.1.*, !=3.2.*, !=3.3.*, !=3.4.*"
version = "2.5.2"

[[package]]
category = "main"
description = "Python parsing module"
name = "pyparsing"
optional = false
python-versions = ">=2.6, !=3.0.*, !=3.1.*, !=3.2.*"
version = "2.4.6"

[[package]]
category = "dev"
description = "pytest: simple powerful testing with Python"
name = "pytest"
optional = false
python-versions = ">=3.5"
version = "5.3.2"

[package.dependencies]
atomicwrites = ">=1.0"
attrs = ">=17.4.0"
colorama = "*"
more-itertools = ">=4.0.0"
packaging = "*"
pluggy = ">=0.12,<1.0"
py = ">=1.5.0"
wcwidth = "*"

[package.dependencies.importlib-metadata]
python = "<3.8"
version = ">=0.12"

[[package]]
category = "dev"
description = "Pytest support for asyncio."
name = "pytest-asyncio"
optional = false
python-versions = ">= 3.5"
version = "0.10.0"

[package.dependencies]
pytest = ">=3.0.6"

[[package]]
category = "main"
description = "World timezone definitions, modern and historical"
name = "pytz"
optional = false
python-versions = "*"
version = "2019.3"

[[package]]
category = "main"
description = "YAML parser and emitter for Python"
name = "pyyaml"
optional = false
python-versions = ">=2.7, !=3.0.*, !=3.1.*, !=3.2.*, !=3.3.*"
version = "5.1.2"

[[package]]
category = "main"
description = "RDFLib is a Python library for working with RDF, a simple yet powerful language for representing information."
name = "rdflib"
optional = false
python-versions = "*"
version = "4.2.2"

[package.dependencies]
isodate = "*"
pyparsing = "*"

[[package]]
category = "main"
description = "rdflib extension adding JSON-LD parser and serializer"
name = "rdflib-jsonld"
optional = false
python-versions = "*"
version = "0.4.0"

[package.dependencies]
rdflib = ">=4.2"

[[package]]
category = "main"
description = "Python HTTP for Humans."
name = "requests"
optional = false
python-versions = ">=2.7, !=3.0.*, !=3.1.*, !=3.2.*, !=3.3.*, !=3.4.*"
version = "2.22.0"

[package.dependencies]
certifi = ">=2017.4.17"
chardet = ">=3.0.2,<3.1.0"
idna = ">=2.5,<2.9"
urllib3 = ">=1.21.1,<1.25.0 || >1.25.0,<1.25.1 || >1.25.1,<1.26"

[[package]]
category = "main"
description = "Python 2 and 3 compatibility utilities"
name = "six"
optional = false
python-versions = ">=2.6, !=3.0.*, !=3.1.*"
version = "1.13.0"

[[package]]
category = "main"
description = "This package provides 26 stemmers for 25 languages generated from Snowball algorithms."
name = "snowballstemmer"
optional = false
python-versions = "*"
version = "2.0.0"

[[package]]
category = "main"
description = "Python documentation generator"
name = "sphinx"
optional = false
python-versions = ">=3.5"
version = "2.3.1"

[package.dependencies]
Jinja2 = ">=2.3"
Pygments = ">=2.0"
alabaster = ">=0.7,<0.8"
babel = ">=1.3,<2.0 || >2.0"
colorama = ">=0.3.5"
docutils = ">=0.12"
imagesize = "*"
packaging = "*"
requests = ">=2.5.0"
setuptools = "*"
snowballstemmer = ">=1.1"
sphinxcontrib-applehelp = "*"
sphinxcontrib-devhelp = "*"
sphinxcontrib-htmlhelp = "*"
sphinxcontrib-jsmath = "*"
sphinxcontrib-qthelp = "*"
sphinxcontrib-serializinghtml = "*"

[[package]]
category = "main"
description = "Read the Docs theme for Sphinx"
name = "sphinx-rtd-theme"
optional = false
python-versions = "*"
version = "0.4.3"

[package.dependencies]
sphinx = "*"

[[package]]
category = "main"
description = ""
name = "sphinxcontrib-applehelp"
optional = false
python-versions = "*"
version = "1.0.1"

[[package]]
category = "main"
description = ""
name = "sphinxcontrib-devhelp"
optional = false
python-versions = "*"
version = "1.0.1"

[[package]]
category = "main"
description = ""
name = "sphinxcontrib-htmlhelp"
optional = false
python-versions = "*"
version = "1.0.2"

[[package]]
category = "main"
description = "A sphinx extension which renders display math in HTML via JavaScript"
name = "sphinxcontrib-jsmath"
optional = false
python-versions = ">=3.5"
version = "1.0.1"

[[package]]
category = "main"
description = ""
name = "sphinxcontrib-qthelp"
optional = false
python-versions = "*"
version = "1.0.2"

[[package]]
category = "main"
description = ""
name = "sphinxcontrib-serializinghtml"
optional = false
python-versions = "*"
version = "1.1.3"

[[package]]
category = "main"
description = "The little ASGI library that shines."
name = "starlette"
optional = false
python-versions = ">=3.6"
version = "0.12.9"

[[package]]
category = "main"
description = "HTTP library with thread-safe connection pooling, file post, and more."
name = "urllib3"
optional = false
python-versions = ">=2.7, !=3.0.*, !=3.1.*, !=3.2.*, !=3.3.*, <4"
version = "1.25.7"

[[package]]
category = "main"
description = "The lightning-fast ASGI server."
name = "uvicorn"
optional = false
python-versions = "*"
version = "0.10.8"

[package.dependencies]
click = ">=7.0.0,<8.0.0"
h11 = ">=0.8.0,<0.9.0"
httptools = "0.0.13"
uvloop = ">=0.14.0"
websockets = ">=8.0.0,<9.0.0"

[[package]]
category = "main"
description = "Fast implementation of asyncio event loop on top of libuv"
name = "uvloop"
optional = false
python-versions = "*"
version = "0.14.0"

[[package]]
category = "dev"
description = "Measures number of Terminal column cells of wide-character codes"
name = "wcwidth"
optional = false
python-versions = "*"
version = "0.1.8"

[[package]]
category = "main"
description = "An implementation of the WebSocket Protocol (RFC 6455 & 7692)"
name = "websockets"
optional = false
python-versions = ">=3.6.1"
version = "8.1"

[[package]]
category = "dev"
description = "Backport of pathlib-compatible object wrapper for zip files"
marker = "python_version < \"3.8\""
name = "zipp"
optional = false
python-versions = ">=2.7"
version = "0.6.0"

[package.dependencies]
more-itertools = "*"

[extras]
hdt = ["pybind11", "hdt"]
postgres = ["psycopg2-binary"]

[metadata]
content-hash = "a9048d37abc0736244e7f4ba712625f7c0a4605d31acc3e154946561004ba505"
python-versions = "^3.7"

[metadata.hashes]
alabaster = ["446438bdcca0e05bd45ea2de1668c1d9b032e1a9154c2c259092d77031ddd359", "a661d72d58e6ea8a57f7a86e37d86716863ee5e92788398526d58b26a4e4dc02"]
atomicwrites = ["03472c30eb2c5d1ba9227e4c2ca66ab8287fbfbbda3888aa93dc2e28fc6811b4", "75a9445bac02d8d058d5e1fe689654ba5a6556a1dfd8ce6ec55a0ed79866cfa6"]
attrs = ["08a96c641c3a74e44eb59afb61a24f2cb9f4d7188748e76ba4bb5edfa3cb7d1c", "f7b7ce16570fe9965acd6d30101a28f62fb4a7f9e926b3bbc9b61f8b04247e72"]
babel = ["1aac2ae2d0d8ea368fa90906567f5c08463d98ade155c0c4bfedd6a0f7160e38", "d670ea0b10f8b723672d3a6abeb87b565b244da220d76b4dba1b66269ec152d4"]
certifi = ["017c25db2a153ce562900032d5bc68e9f191e44e9a0f762f373977de9df1fbb3", "25b64c7da4cd7479594d035c08c2d809eb4aab3a26e5a990ea98cc450c320f1f"]
chardet = ["84ab92ed1c4d4f16916e05906b6b75a6c0fb5db821cc65e70cbd64a3e2a5eaae", "fc323ffcaeaed0e0a02bf4d117757b98aed530d9ed4531e3e15460124c106691"]
click = ["2335065e6395b9e67ca716de5f7526736bfa6ceead690adf616d925bdc622b13", "5b94b49521f6456670fdb30cd82a4eca9412788a93fa6dd6df72c94d5a8ff2d7"]
colorama = ["7d73d2a99753107a36ac6b455ee49046802e59d9d076ef8e47b61499fa29afff", "e96da0d330793e2cb9485e9ddfd918d456036c7149416295932478192f4436a1"]
docutils = ["6c4f696463b79f1fb8ba0c594b63840ebd41f059e92b31957c46b74a4599b6d0", "9e4d7ecfc600058e07ba661411a2b7de2fd0fafa17d1a7f7361cd47b1175c827", "a2aeea129088da402665e92e0b25b04b073c04b2dce4ab65caaa38b7ce2e1a99"]
fastapi = ["04afe17ceaaa6c07a0377c2d2cafde864672f0489b5be21030e3d6ca2e47b0ac", "5e053824ffbdd7041812f4c77e6def17a557edc12f4fb061e00d7ee9a03aca3b"]
grpcio = ["066630f6b62bffa291dacbee56994279a6a3682b8a11967e9ccaf3cc770fc11e", "07e95762ca6b18afbeb3aa2793e827c841152d5e507089b1db0b18304edda105", "0a0fb2f8e3a13537106bc77e4c63005bc60124a6203034304d9101921afa4e90", "0c61b74dcfb302613926e785cb3542a0905b9a3a86e9410d8cf5d25e25e10104", "13383bd70618da03684a8aafbdd9e3d9a6720bf8c07b85d0bc697afed599d8f0", "1c6e0f6b9d091e3717e9a58d631c8bb4898be3b261c2a01fe46371fdc271052f", "1cf710c04689daa5cc1e598efba00b028215700dcc1bf66fcb7b4f64f2ea5d5f", "2da5cee9faf17bb8daf500cd0d28a17ae881ab5500f070a6aace457f4c08cac4", "2f78ebf340eaf28fa09aba0f836a8b869af1716078dfe8f3b3f6ff785d8f2b0f", "33a07a1a8e817d733588dbd18e567caad1a6fe0d440c165619866cd490c7911a", "3d090c66af9c065b7228b07c3416f93173e9839b1d40bb0ce3dd2aa783645026", "42b903a3596a10e2a3727bae2a76f8aefd324d498424b843cfa9606847faea7b", "4fffbb58134c4f23e5a8312ac3412db6f5e39e961dc0eb5e3115ce5aa16bf927", "57be5a6c509a406fe0ffa6f8b86904314c77b5e2791be8123368ad2ebccec874", "5b0fa09efb33e2af4e8822b4eb8b2cbc201d562e3e185c439be7eaeee2e8b8aa", "5ef42dfc18f9a63a06aca938770b69470bb322e4c137cf08cf21703d1ef4ae5c", "6a43d2f2ff8250f200fdf7aa31fa191a997922aa9ea1182453acd705ad83ab72", "6d8ab28559be98b02f8b3a154b53239df1aa5b0d28ff865ae5be4f30e7ed4d3f", "6e47866b7dc14ca3a12d40c1d6082e7bea964670f1c5315ea0fb8b0550244d64", "6edda1b96541187f73aab11800d25f18ee87e53d5f96bb74473873072bf28a0e", "7109c8738a8a3c98cfb5dda1c45642a8d6d35dc00d257ab7a175099b2b4daecd", "8d866aafb08657c456a18c4a31c8526ea62de42427c242b58210b9eae6c64559", "9939727d9ae01690b24a2b159ac9dbca7b7e8e6edd5af6a6eb709243cae7b52b", "99fd873699df17cb11c542553270ae2b32c169986e475df0d68a8629b8ef4df7", "b6fda5674f990e15e1bcaacf026428cf50bce36e708ddcbd1de9673b14aab760", "bdb2f3dcb664f0c39ef1312cd6acf6bc6375252e4420cf8f36fff4cb4fa55c71", "bfd7d3130683a1a0a50c456273c21ec8a604f2d043b241a55235a78a0090ee06", "c6c2db348ac73d73afe14e0833b18abbbe920969bf2c5c03c0922719f8020d06", "cb7a4b41b5e2611f85c3402ac364f1d689f5d7ecbc24a55ef010eedcd6cf460f", "cd3d3e328f20f7c807a862620c6ee748e8d57ba2a8fc960d48337ed71c6d9d32", "d1a481777952e4f99b8a6956581f3ee866d7614100d70ae6d7e07327570b85ce", "d1d49720ed636920bb3d74cedf549382caa9ad55aea89d1de99d817068d896b2", "d42433f0086cccd192114343473d7dbd4aae9141794f939e2b7b83efc57543db", "d44c34463a7c481e076f691d8fa25d080c3486978c2c41dca09a8dd75296c2d7", "d7e5b7af1350e9c8c17a7baf99d575fbd2de69f7f0b0e6ebd47b57506de6493a", "d9542366a0917b9b48bab1fee481ac01f56bdffc52437b598c09e7840148a6a9", "df7cdfb40179acc9790a462c049e0b8e109481164dd7ad1a388dd67ff1528759", "e1a9d9d2e7224d981aea8da79260c7f6932bf31ce1f99b7ccfa5eceeb30dc5d0", "ed10e5fad105ecb0b12822f924e62d0deb07f46683a0b64416b17fd143daba1d", "f0ec5371ce2363b03531ed522bfbe691ec940f51f0e111f0500fc0f44518c69d", "f6580a8a4f5e701289b45fd62a8f6cb5ec41e4d77082424f8b676806dcd22564", "f7b83e4b2842d44fce3cdc0d54db7a7e0d169a598751bf393601efaa401c83e0", "ffec45b0db18a555fdfe0c6fa2d0a3fceb751b22b31e8fcd14ceed7bde05481e"]
h11 = ["acca6a44cb52a32ab442b1779adf0875c443c689e9e028f8d831a3769f9c5208", "f2b1ca39bfed357d1f19ac732913d5f9faa54a5062eca7d2ec3a916cfb7ae4c7"]
hdt = ["103eac995122a9109408bfcfa5d7508d09a25ab7cf954c541b48a27ebb01c2f9"]
httptools = ["e00cbd7ba01ff748e494248183abc6e153f49181169d8a3d41bb49132ca01dfc"]
idna = ["c357b3f628cf53ae2c4c05627ecc484553142ca23264e593d327bcde5e9c3407", "ea8b7f6188e6fa117537c3df7da9fc686d485087abf6ac197f9c46432f7e4a3c"]
imagesize = ["6965f19a6a2039c7d48bca7dba2473069ff854c36ae6f19d2cde309d998228a1", "b1f6b5a4eab1f73479a50fb79fcf729514a900c341d8503d62a62dbc4127a2b1"]
importlib-metadata = ["073a852570f92da5f744a3472af1b61e28e9f78ccf0c9117658dc32b15de7b45", "d95141fbfa7ef2ec65cfd945e2af7e5a6ddbd7c8d9a25e66ff3be8e3daf9f60f"]
isodate = ["2e364a3d5759479cdb2d37cce6b9376ea504db2ff90252a2e5b7cc89cc9ff2d8", "aa4d33c06640f5352aca96e4b81afd8ab3b47337cc12089822d6f322ac772c81"]
jinja2 = ["74320bb91f31270f9551d46522e33af46a80c3d619f4a4bf42b3164d30b5911f", "9fe95f19286cfefaa917656583d020be14e7859c6b0252588391e47db34527de"]
markupsafe = ["00bc623926325b26bb9605ae9eae8a215691f33cae5df11ca5424f06f2d1f473", "09027a7803a62ca78792ad89403b1b7a73a01c8cb65909cd876f7fcebd79b161", "09c4b7f37d6c648cb13f9230d847adf22f8171b1ccc4d5682398e77f40309235", "1027c282dad077d0bae18be6794e6b6b8c91d58ed8a8d89a89d59693b9131db5", "24982cc2533820871eba85ba648cd53d8623687ff11cbb805be4ff7b4c971aff", "29872e92839765e546828bb7754a68c418d927cd064fd4708fab9fe9c8bb116b", "43a55c2930bbc139570ac2452adf3d70cdbb3cfe5912c71cdce1c2c6bbd9c5d1", "46c99d2de99945ec5cb54f23c8cd5689f6d7177305ebff350a58ce5f8de1669e", "500d4957e52ddc3351cabf489e79c91c17f6e0899158447047588650b5e69183", "535f6fc4d397c1563d08b88e485c3496cf5784e927af890fb3c3aac7f933ec66", "62fe6c95e3ec8a7fad637b7f3d372c15ec1caa01ab47926cfdf7a75b40e0eac1", "6dd73240d2af64df90aa7c4e7481e23825ea70af4b4922f8ede5b9e35f78a3b1", "717ba8fe3ae9cc0006d7c451f0bb265ee07739daf76355d06366154ee68d221e", "79855e1c5b8da654cf486b830bd42c06e8780cea587384cf6545b7d9ac013a0b", "7c1699dfe0cf8ff607dbdcc1e9b9af1755371f92a68f706051cc8c37d447c905", "88e5fcfb52ee7b911e8bb6d6aa2fd21fbecc674eadd44118a9cc3863f938e735", "8defac2f2ccd6805ebf65f5eeb132adcf2ab57aa11fdf4c0dd5169a004710e7d", "98c7086708b163d425c67c7a91bad6e466bb99d797aa64f965e9d25c12111a5e", "9add70b36c5666a2ed02b43b335fe19002ee5235efd4b8a89bfcf9005bebac0d", "9bf40443012702a1d2070043cb6291650a0841ece432556f784f004937f0f32c", "ade5e387d2ad0d7ebf59146cc00c8044acbd863725f887353a10df825fc8ae21", "b00c1de48212e4cc9603895652c5c410df699856a2853135b3967591e4beebc2", "b1282f8c00509d99fef04d8ba936b156d419be841854fe901d8ae224c59f0be5", "b2051432115498d3562c084a49bba65d97cf251f5a331c64a12ee7e04dacc51b", "ba59edeaa2fc6114428f1637ffff42da1e311e29382d81b339c1817d37ec93c6", "c8716a48d94b06bb3b2524c2b77e055fb313aeb4ea620c8dd03a105574ba704f", "cd5df75523866410809ca100dc9681e301e3c27567cf498077e8551b6d20e42f", "e249096428b3ae81b08327a63a485ad0878de3fb939049038579ac0ef61e17e7"]
more-itertools = ["b84b238cce0d9adad5ed87e745778d20a3f8487d0f0cb8b8a586816c7496458d", "c833ef592a0324bcc6a60e48440da07645063c453880c9477ceb22490aec1564"]
packaging = ["aec3fdbb8bc9e4bb65f0634b9f551ced63983a529d6a8931817d52fdd0816ddb", "fe1d8331dfa7cc0a883b49d75fc76380b2ab2734b220fbb87d774e4fd4b851f8"]
pluggy = ["15b2acde666561e1298d71b523007ed7364de07029219b604cf808bfa1c765b0", "966c145cd83c96502c3c3868f50408687b38434af77734af1e9ca461a4081d2d"]
protobuf = ["0ba5d7626dbc4ce78971c3e62ec37f84c8139ea7008c008660d3312cf11e0db8", "189b706f72e8b7ddc965168a79ff296ca5b7bdd95b5b05208afb9818a681c712", "340965444aafc7aac7e3586e930f5b3f8347ca9b350afab60bac84dcc0b94437", "44fbc7b1786ab975ec9eba9da765398d58ec705d1c8e856b0523b8f9c1c53cf7", "48d96b559fab3063feaebd316352e3418424629d59b77dbcb96ecc4c594d7f5f", "5e32923c7896c49b1d3a327fe25a76363d200acdfa97844f5647f1bf9f298da8", "6662442fbf22796dbd942bb15b664d70dcc25ae28d371b7e4ca6261e9bc495b7", "6bb5d999faceee281bc4a2fc77866c61af7be4b7e5efadc930c42f234a99cafd", "74b35dbd0535584851ad804acae64d3b96d4a453c78c1d8d9f853fa0a99ec3ad", "83b38b7b61b7c60af0fa03a71c27c4232117453a62ccf69a511284793a400751", "90c22f4fd4e01279efc4e4911dafe308f35fcc4310bcb89bcee4d3ca20210d20", "97b08853b9bb71512ed52381f05cf2d4179f4234825b505d8f8d2bb9d9429939", "aef47082114428b47db73876ecb7751802548830ce5c95dba7ebe24d5e196d7c", "b89ed3ba88ea5ec8b2c704a5ae747c9038ee1faff277fcddac75f850e645f7e1", "be5afc2e1f5c320bd4a38e73d8b02c67d72dbee370a004732c923c7c8a472f72", "d1c18853c7ad3c8e34edfafc6488fc24f4221c15b516c14796032cc53f8cde94", "f4370d0e3d6e1ac2f80911651691ac540901f661b372036ea72637546ba98202"]
psycopg2-binary = ["19a2d1f3567b30f6c2bb3baea23f74f69d51f0c06c2e2082d0d9c28b0733a4c2", "2b69cf4b0fa2716fd977aa4e1fd39af6110eb47b2bb30b4e5a469d8fbecfc102", "2e952fa17ba48cbc2dc063ddeec37d7dc4ea0ef7db0ac1eda8906365a8543f31", "348b49dd737ff74cfb5e663e18cb069b44c64f77ec0523b5794efafbfa7df0b8", "3d72a5fdc5f00ca85160915eb9a973cf9a0ab8148f6eda40708bf672c55ac1d1", "4957452f7868f43f32c090dadb4188e9c74a4687323c87a882e943c2bd4780c3", "5138cec2ee1e53a671e11cc519505eb08aaaaf390c508f25b09605763d48de4b", "587098ca4fc46c95736459d171102336af12f0d415b3b865972a79c03f06259f", "5b79368bcdb1da4a05f931b62760bea0955ee2c81531d8e84625df2defd3f709", "5cf43807392247d9bc99737160da32d3fa619e0bfd85ba24d1c78db205f472a4", "676d1a80b1eebc0cacae8dd09b2fde24213173bf65650d22b038c5ed4039f392", "6b0211ecda389101a7d1d3df2eba0cf7ffbdd2480ca6f1d2257c7bd739e84110", "79cde4660de6f0bb523c229763bd8ad9a93ac6760b72c369cf1213955c430934", "7aba9786ac32c2a6d5fb446002ed936b47d5e1f10c466ef7e48f66eb9f9ebe3b", "7c8159352244e11bdd422226aa17651110b600d175220c451a9acf795e7414e0", "945f2eedf4fc6b2432697eb90bb98cc467de5147869e57405bfc31fa0b824741", "96b4e902cde37a7fc6ab306b3ac089a3949e6ce3d824eeca5b19dc0bedb9f6e2", "9a7bccb1212e63f309eb9fab47b6eaef796f59850f169a25695b248ca1bf681b", "a3bfcac727538ec11af304b5eccadbac952d4cca1a551a29b8fe554e3ad535dc", "b19e9f1b85c5d6136f5a0549abdc55dcbd63aba18b4f10d0d063eb65ef2c68b4", "b664011bb14ca1f2287c17185e222f2098f7b4c857961dbcf9badb28786dbbf4", "bde7959ef012b628868d69c474ec4920252656d0800835ed999ba5e4f57e3e2e", "cb095a0657d792c8de9f7c9a0452385a309dfb1bbbb3357d6b1e216353ade6ca", "d16d42a1b9772152c1fe606f679b2316551f7e1a1ce273e7f808e82a136cdb3d", "d444b1545430ffc1e7a24ce5a9be122ccd3b135a7b7e695c5862c5aff0b11159", "d93ccc7bf409ec0a23f2ac70977507e0b8a8d8c54e5ee46109af2f0ec9e411f3", "df6444f952ca849016902662e1a47abf4fa0678d75f92fd9dd27f20525f809cd", "e63850d8c52ba2b502662bf3c02603175c2397a9acc756090e444ce49508d41e", "ec43358c105794bc2b6fd34c68d27f92bea7102393c01889e93f4b6a70975728", "f4c6926d9c03dadce7a3b378b40d2fea912c1344ef9b29869f984fb3d2a2420b"]
py = ["5e27081401262157467ad6e7f851b7aa402c5852dbcb3dae06768434de5752aa", "c20fdd83a5dbc0af9efd622bee9a5564e278f6380fffcacc43ba6f43db2813b0"]
pybind11 = ["642abbbd2948ed5af28e69adfae1535347c7aa9eb0cdab130e20e1f198f8e1cf", "bd68159013d20c79bf79893b174a6ee7f74af740bf60ae731565f5d8d4094403"]
pydantic = ["176885123dfdd8f7ab6e7ba1b66d4197de75ba830bb44d921af88b3d977b8aa5", "2b32a5f14558c36e39aeefda0c550bfc0f47fc32b4ce16d80dc4df2b33838ed8", "2eab7d548b0e530bf65bee7855ad8164c2f6a889975d5e9c4eefd1e7c98245dc", "479ca8dc7cc41418751bf10302ee0a1b1f8eedb2de6c4f4c0f3cf8372b204f9a", "59235324dd7dc5363a654cd14271ea8631f1a43de5d4fc29c782318fcc498002", "87673d1de790c8d5282153cab0b09271be77c49aabcedf3ac5ab1a1fd4dcbac0", "8a8e089aec18c26561e09ee6daf15a3cc06df05bdc67de60a8684535ef54562f", "b60f2b3b0e0dd74f1800a57d1bbd597839d16faf267e45fa4a5407b15d311085", "c0da48978382c83f9488c6bbe4350e065ea5c83e85ca5cfb8fa14ac11de3c296", "cbe284bd5ad67333d49ecc0dc27fa52c25b4c2fe72802a5c060b5f922db58bef", "d03df07b7611004140b0fef91548878c2b5f48c520a8cb76d11d20e9887a495e", "d4bb6a75abc2f04f6993124f1ed4221724c9dc3bd9df5cb54132e0b68775d375", "dacb79144bb3fdb57cf9435e1bd16c35586bc44256215cfaa33bf21565d926ae", "dd9359db7644317898816f6142f378aa48848dcc5cf14a481236235fde11a148"]
pygments = ["2a3fe295e54a20164a9df49c75fa58526d3be48e14aceba6d6b1e8ac0bfd6f1b", "98c8aa5a9f778fcd1026a17361ddaf7330d1b7c62ae97c3bb0ae73e0b9b6b0fe"]
pyparsing = ["4c830582a84fb022400b85429791bc551f1f4871c33f23e44f353119e92f969f", "c342dccb5250c08d45fd6f8b4a559613ca603b57498511740e65cd11a2e7dcec"]
pytest = ["6b571215b5a790f9b41f19f3531c53a45cf6bb8ef2988bc1ff9afb38270b25fa", "e41d489ff43948babd0fad7ad5e49b8735d5d55e26628a58673c39ff61d95de4"]
pytest-asyncio = ["9fac5100fd716cbecf6ef89233e8590a4ad61d729d1732e0a96b84182df1daaf", "d734718e25cfc32d2bf78d346e99d33724deeba774cc4afdf491530c6184b63b"]
pytz = ["1c557d7d0e871de1f5ccd5833f60fb2550652da6be2693c1e02300743d21500d", "b02c06db6cf09c12dd25137e563b31700d3b80fcc4ad23abb7a315f2789819be"]
pyyaml = ["0113bc0ec2ad727182326b61326afa3d1d8280ae1122493553fd6f4397f33df9", "01adf0b6c6f61bd11af6e10ca52b7d4057dd0be0343eb9283c878cf3af56aee4", "5124373960b0b3f4aa7df1707e63e9f109b5263eca5976c66e08b1c552d4eaf8", "5ca4f10adbddae56d824b2c09668e91219bb178a1eee1faa56af6f99f11bf696", "7907be34ffa3c5a32b60b95f4d95ea25361c951383a894fec31be7252b2b6f34", "7ec9b2a4ed5cad025c2278a1e6a19c011c80a3caaac804fd2d329e9cc2c287c9", "87ae4c829bb25b9fe99cf71fbb2140c448f534e24c998cc60f39ae4f94396a73", "9de9919becc9cc2ff03637872a440195ac4241c80536632fffeb6a1e25a74299", "a5a85b10e450c66b49f98846937e8cfca1db3127a9d5d1e31ca45c3d0bef4c5b", "b0997827b4f6a7c286c01c5f60384d218dca4ed7d9efa945c3e1aa623d5709ae", "b631ef96d3222e62861443cc89d6563ba3eeb816eeb96b2629345ab795e53681", "bf47c0607522fdbca6c9e817a6e81b08491de50f3766a7a0e6a5be7905961b41", "f81025eddd0327c7d4cfe9b62cf33190e1e736cc6e97502b3ec425f574b3e7a8"]
rdflib = ["58d5994610105a457cff7fdfe3d683d87786c5028a45ae032982498a7e913d6f", "da1df14552555c5c7715d8ce71c08f404c988c58a1ecd38552d0da4fc261280d"]
rdflib-jsonld = ["144774786a2fc7de09b24a9309cbcccc78bc48b152536d2ea1c1df2ad715bc2d"]
requests = ["11e007a8a2aa0323f5a921e9e6a2d7e4e67d9877e85773fba9ba6419025cbeb4", "9cf5292fcd0f598c671cfc1e0d7d1a7f13bb8085e9a590f48c010551dc6c4b31"]
six = ["1f1b7d42e254082a9db6279deae68afb421ceba6158efa6131de7b3003ee93fd", "30f610279e8b2578cab6db20741130331735c781b56053c59c4076da27f06b66"]
snowballstemmer = ["209f257d7533fdb3cb73bdbd24f436239ca3b2fa67d56f6ff88e86be08cc5ef0", "df3bac3df4c2c01363f3dd2cfa78cce2840a79b9f1c2d2de9ce8d31683992f52"]
sphinx = ["298537cb3234578b2d954ff18c5608468229e116a9757af3b831c2b2b4819159", "e6e766b74f85f37a5f3e0773a1e1be8db3fcb799deb58ca6d18b70b0b44542a5"]
sphinx-rtd-theme = ["00cf895504a7895ee433807c62094cf1e95f065843bf3acd17037c3e9a2becd4", "728607e34d60456d736cc7991fd236afb828b21b82f956c5ea75f94c8414040a"]
sphinxcontrib-applehelp = ["edaa0ab2b2bc74403149cb0209d6775c96de797dfd5b5e2a71981309efab3897", "fb8dee85af95e5c30c91f10e7eb3c8967308518e0f7488a2828ef7bc191d0d5d"]
sphinxcontrib-devhelp = ["6c64b077937330a9128a4da74586e8c2130262f014689b4b89e2d08ee7294a34", "9512ecb00a2b0821a146736b39f7aeb90759834b07e81e8cc23a9c70bacb9981"]
sphinxcontrib-htmlhelp = ["4670f99f8951bd78cd4ad2ab962f798f5618b17675c35c5ac3b2132a14ea8422", "d4fd39a65a625c9df86d7fa8a2d9f3cd8299a3a4b15db63b50aac9e161d8eff7"]
sphinxcontrib-jsmath = ["2ec2eaebfb78f3f2078e73666b1415417a116cc848b72e5172e596c871103178", "a9925e4a4587247ed2191a22df5f6970656cb8ca2bd6284309578f2153e0c4b8"]
sphinxcontrib-qthelp = ["513049b93031beb1f57d4daea74068a4feb77aa5630f856fcff2e50de14e9a20", "79465ce11ae5694ff165becda529a600c754f4bc459778778c7017374d4d406f"]
sphinxcontrib-serializinghtml = ["c0efb33f8052c04fd7a26c0a07f1678e8512e0faec19f4aa8f2473a8b81d5227", "db6615af393650bf1151a6cd39120c29abaf93cc60db8c48eb2dddbfdc3a9768"]
starlette = ["c2ac9a42e0e0328ad20fe444115ac5e3760c1ee2ac1ff8cdb5ec915c4a453411"]
urllib3 = ["a8a318824cc77d1fd4b2bec2ded92646630d7fe8619497b142c84a9e6f5a7293", "f3c5fd51747d450d4dcf6f923c81f78f811aab8205fda64b0aba34a4e48b0745"]
uvicorn = ["f4c34642618449f55e2bab8c6b22ff7615b520d2e7e23275be2ca894254327a3"]
uvloop = ["08b109f0213af392150e2fe6f81d33261bb5ce968a288eb698aad4f46eb711bd", "123ac9c0c7dd71464f58f1b4ee0bbd81285d96cdda8bc3519281b8973e3a461e", "4315d2ec3ca393dd5bc0b0089d23101276778c304d42faff5dc4579cb6caef09", "4544dcf77d74f3a84f03dd6278174575c44c67d7165d4c42c71db3fdc3860726", "afd5513c0ae414ec71d24f6f123614a80f3d27ca655a4fcf6cabe50994cc1891", "b4f591aa4b3fa7f32fb51e2ee9fea1b495eb75b0b3c8d0ca52514ad675ae63f7", "bcac356d62edd330080aed082e78d4b580ff260a677508718f88016333e2c9c5", "e7514d7a48c063226b7d06617cbb12a14278d4323a065a8d46a7962686ce2e95", "f07909cd9fc08c52d294b1570bba92186181ca01fe3dc9ffba68955273dd7362"]
wcwidth = ["8fd29383f539be45b20bd4df0dc29c20ba48654a41e661925e612311e9f3c603"]
websockets = ["0e4fb4de42701340bd2353bb2eee45314651caa6ccee80dbd5f5d5978888fed5", "1d3f1bf059d04a4e0eb4985a887d49195e15ebabc42364f4eb564b1d065793f5", "20891f0dddade307ffddf593c733a3fdb6b83e6f9eef85908113e628fa5a8308", "295359a2cc78736737dd88c343cd0747546b2174b5e1adc223824bcaf3e164cb", "2db62a9142e88535038a6bcfea70ef9447696ea77891aebb730a333a51ed559a", "3762791ab8b38948f0c4d281c8b2ddfa99b7e510e46bd8dfa942a5fff621068c", "3db87421956f1b0779a7564915875ba774295cc86e81bc671631379371af1170", "3ef56fcc7b1ff90de46ccd5a687bbd13a3180132268c4254fc0fa44ecf4fc422", "4f9f7d28ce1d8f1295717c2c25b732c2bc0645db3215cf757551c392177d7cb8", "5c01fd846263a75bc8a2b9542606927cfad57e7282965d96b93c387622487485", "5c65d2da8c6bce0fca2528f69f44b2f977e06954c8512a952222cea50dad430f", "751a556205d8245ff94aeef23546a1113b1dd4f6e4d102ded66c39b99c2ce6c8", "7ff46d441db78241f4c6c27b3868c9ae71473fe03341340d2dfdbe8d79310acc", "965889d9f0e2a75edd81a07592d0ced54daa5b0785f57dc429c378edbcffe779", "9b248ba3dd8a03b1a10b19efe7d4f7fa41d158fdaa95e2cf65af5a7b95a4f989", "9bef37ee224e104a413f0780e29adb3e514a5b698aabe0d969a6ba426b8435d1", "c1ec8db4fac31850286b7cd3b9c0e1b944204668b8eb721674916d4e28744092", "c8a116feafdb1f84607cb3b14aa1418424ae71fee131642fc568d21423b51824", "ce85b06a10fc65e6143518b96d3dca27b081a740bae261c2fb20375801a9d56d", "d705f8aeecdf3262379644e4b55107a3b55860eb812b673b28d0fbc347a60c55", "e898a0863421650f0bebac8ba40840fc02258ef4714cb7e1fd76b6a6354bda36", "f8a7bff6e8664afc4e6c28b983845c5bc14965030e3fb98789734d416af77c4b"]
zipp = ["3718b1cbcd963c7d4c5511a8240812904164b7f381b647143a89d3b98f9bcd8e", "f06903e9f1f43b12d371004b4ac7b06ab39a44adc747266928ae6debfa7b3335"]
