{
  "name": "sage-engine",
  "version": "1.0.0",
  "lockfileVersion": 1,
  "requires": true,
  "dependencies": {
    "bootstrap": {
      "version": "4.1.1",
      "resolved": "https://registry.npmjs.org/bootstrap/-/bootstrap-4.1.1.tgz",
      "integrity": "sha512-SpiDSOcbg4J/PjVSt4ny5eY6j74VbVSjROY4Fb/WIUXBV9cnb5luyR4KnPvNoXuGnBK1T+nJIWqRsvU3yP8Mcg=="
    },
    "codemirror": {
      "version": "5.17.0",
      "resolved": "https://registry.npmjs.org/codemirror/-/codemirror-5.17.0.tgz",
      "integrity": "sha1-qUMTUzc/FS/ihR8pUCo6oSwdYkc="
    },
    "font-awesome": {
      "version": "4.7.0",
      "resolved": "https://registry.npmjs.org/font-awesome/-/font-awesome-4.7.0.tgz",
      "integrity": "sha1-j6jPBBGhoxr9B7BtKQK7n8gVoTM="
    },
    "jquery": {
      "version": "3.3.1",
      "resolved": "https://registry.npmjs.org/jquery/-/jquery-3.3.1.tgz",
      "integrity": "sha512-Ubldcmxp5np52/ENotGxlLe6aGMvmF4R8S6tZjsP6Knsaxd/xp3Zrh50cG93lR6nPXyUFwzN3ZSOQI0wRJNdGg=="
    },
    "knockout": {
      "version": "3.4.2",
      "resolved": "https://registry.npmjs.org/knockout/-/knockout-3.4.2.tgz",
      "integrity": "sha1-6HlY3netHpNvfOZFuri118RW2Tc="
    },
    "popper.js": {
      "version": "1.14.3",
      "resolved": "https://registry.npmjs.org/popper.js/-/popper.js-1.14.3.tgz",
      "integrity": "sha1-FDj5jQRqz3tNeM1QK/QYrGTU8JU="
    },
    "prettier": {
      "version": "1.13.5",
      "resolved": "https://registry.npmjs.org/prettier/-/prettier-1.13.5.tgz",
      "integrity": "sha512-4M90mfvLz6yRf2Dhzd+xPIE6b4xkI8nHMJhsSm9IlfG17g6wujrrm7+H1X8x52tC4cSNm6HmuhCUSNe6Hd5wfw=="
    },
    "sage-client": {
      "version": "github:slaanaroth/sage-client#2d31b7b2badbeb75f86d4dcd42fb22059f42f5df"
    },
    "store": {
      "version": "2.0.12",
      "resolved": "https://registry.npmjs.org/store/-/store-2.0.12.tgz",
      "integrity": "sha1-jFNOKguDH3K3X8XxEZhXxE711ZM="
    },
    "yasgui-utils": {
      "version": "1.6.7",
      "resolved": "https://registry.npmjs.org/yasgui-utils/-/yasgui-utils-1.6.7.tgz",
      "integrity": "sha1-K8/FoxVojeOuYFeIPZrjQrIF8mc=",
      "requires": {
        "store": "2.0.12"
      }
    },
    "yasgui-yasqe": {
      "version": "2.11.18",
      "resolved": "https://registry.npmjs.org/yasgui-yasqe/-/yasgui-yasqe-2.11.18.tgz",
      "integrity": "sha512-pfcO4PELbPlQZkVjp1gRqDcpF7FB2/dZRLaa9Bo9wCuqv4WueaMDAbt0bZlmXnPz72JKDKlj8b6ai+mzhyHqUQ==",
      "requires": {
        "codemirror": "5.17.0",
        "jquery": "2.2.4",
        "prettier": "1.13.5",
        "yasgui-utils": "1.6.7"
      },
      "dependencies": {
        "jquery": {
          "version": "2.2.4",
          "resolved": "https://registry.npmjs.org/jquery/-/jquery-2.2.4.tgz",
          "integrity": "sha1-LInWiJterFIqfuoywUUhVZxsvwI="
        }
      }
    }
  }
}
